
Microsoft Visual Studio Solution File, Format Version 12.00
# Visual Studio Version 16
VisualStudioVersion = 16.0.31025.194
MinimumVisualStudioVersion = 10.0.40219.1
Project("{FAE04EC0-301F-11D3-BF4B-00C04F79EFBC}") = "ExerciseDictionary", "ExerciseDictionary\ExerciseDictionary.csproj", "{3CE34818-7924-4AEA-9742-549421F7C24E}"
EndProject
Global
	GlobalSection(SolutionConfigurationPlatforms) = preSolution
		Debug|Any CPU = Debug|Any CPU
		Release|Any CPU = Release|Any CPU
	EndGlobalSection
	GlobalSection(ProjectConfigurationPlatforms) = postSolution
		{3CE34818-7924-4AEA-9742-549421F7C24E}.Debug|Any CPU.ActiveCfg = Debug|Any CPU
		{3CE34818-7924-4AEA-9742-549421F7C24E}.Debug|Any CPU.Build.0 = Debug|Any CPU
		{3CE34818-7924-4AEA-9742-549421F7C24E}.Release|Any CPU.ActiveCfg = Release|Any CPU
		{3CE34818-7924-4AEA-9742-549421F7C24E}.Release|Any CPU.Build.0 = Release|Any CPU
	EndGlobalSection
	GlobalSection(SolutionProperties) = preSolution
		HideSolutionNode = FALSE
	EndGlobalSection
	GlobalSection(ExtensibilityGlobals) = postSolution
		SolutionGuid = {54666BC7-C577-4A2C-BF50-C24570806E9B}
	EndGlobalSection
EndGlobal
